
Microsoft Visual Studio Solution File, Format Version 12.00
# Visual Studio Version 17
VisualStudioVersion = 17.4.33205.214
MinimumVisualStudioVersion = 10.0.40219.1
Project("{FAE04EC0-301F-11D3-BF4B-00C04F79EFBC}") = "Lab02", "Lab02\Lab02.csproj", "{C18476F7-8E51-4E57-90D6-305500DB815A}"
EndProject
Global
	GlobalSection(SolutionConfigurationPlatforms) = preSolution
		Debug|Any CPU = Debug|Any CPU
		Release|Any CPU = Release|Any CPU
	EndGlobalSection
	GlobalSection(ProjectConfigurationPlatforms) = postSolution
		{C18476F7-8E51-4E57-90D6-305500DB815A}.Debug|Any CPU.ActiveCfg = Debug|Any CPU
		{C18476F7-8E51-4E57-90D6-305500DB815A}.Debug|Any CPU.Build.0 = Debug|Any CPU
		{C18476F7-8E51-4E57-90D6-305500DB815A}.Release|Any CPU.ActiveCfg = Release|Any CPU
		{C18476F7-8E51-4E57-90D6-305500DB815A}.Release|Any CPU.Build.0 = Release|Any CPU
	EndGlobalSection
	GlobalSection(SolutionProperties) = preSolution
		HideSolutionNode = FALSE
	EndGlobalSection
	GlobalSection(ExtensibilityGlobals) = postSolution
		SolutionGuid = {CD1E15B4-84B2-4C0E-9261-BB6226B65755}
	EndGlobalSection
EndGlobal
