
Microsoft Visual Studio Solution File, Format Version 12.00
# Visual Studio Version 17
VisualStudioVersion = 17.4.33205.214
MinimumVisualStudioVersion = 10.0.40219.1
Project("{9A19103F-16F7-4668-BE54-9A1E7A4F7556}") = "Assignment06", "Assignment06\Assignment06.csproj", "{E01AFCDA-A898-49F4-BF3A-20703C90D098}"
EndProject
Global
	GlobalSection(SolutionConfigurationPlatforms) = preSolution
		Debug|Any CPU = Debug|Any CPU
		Release|Any CPU = Release|Any CPU
	EndGlobalSection
	GlobalSection(ProjectConfigurationPlatforms) = postSolution
		{E01AFCDA-A898-49F4-BF3A-20703C90D098}.Debug|Any CPU.ActiveCfg = Debug|Any CPU
		{E01AFCDA-A898-49F4-BF3A-20703C90D098}.Debug|Any CPU.Build.0 = Debug|Any CPU
		{E01AFCDA-A898-49F4-BF3A-20703C90D098}.Release|Any CPU.ActiveCfg = Release|Any CPU
		{E01AFCDA-A898-49F4-BF3A-20703C90D098}.Release|Any CPU.Build.0 = Release|Any CPU
	EndGlobalSection
	GlobalSection(SolutionProperties) = preSolution
		HideSolutionNode = FALSE
	EndGlobalSection
	GlobalSection(ExtensibilityGlobals) = postSolution
		SolutionGuid = {549D6DD4-30D0-4528-BBE7-CA95945F08C9}
	EndGlobalSection
EndGlobal
